
Microsoft Visual Studio Solution File, Format Version 12.00
# Visual Studio Version 17
VisualStudioVersion = 17.8.34511.84
MinimumVisualStudioVersion = 10.0.40219.1
Project("{FAE04EC0-301F-11D3-BF4B-00C04F79EFBC}") = "Wed Ban Hang -Tuan 3", "Wed Ban Hang -Tuan 3\Wed Ban Hang -Tuan 3.csproj", "{C4E934A3-D037-44A9-A278-DC2F2F4891D7}"
EndProject
Global
	GlobalSection(SolutionConfigurationPlatforms) = preSolution
		Debug|Any CPU = Debug|Any CPU
		Release|Any CPU = Release|Any CPU
	EndGlobalSection
	GlobalSection(ProjectConfigurationPlatforms) = postSolution
		{C4E934A3-D037-44A9-A278-DC2F2F4891D7}.Debug|Any CPU.ActiveCfg = Debug|Any CPU
		{C4E934A3-D037-44A9-A278-DC2F2F4891D7}.Debug|Any CPU.Build.0 = Debug|Any CPU
		{C4E934A3-D037-44A9-A278-DC2F2F4891D7}.Release|Any CPU.ActiveCfg = Release|Any CPU
		{C4E934A3-D037-44A9-A278-DC2F2F4891D7}.Release|Any CPU.Build.0 = Release|Any CPU
	EndGlobalSection
	GlobalSection(SolutionProperties) = preSolution
		HideSolutionNode = FALSE
	EndGlobalSection
	GlobalSection(ExtensibilityGlobals) = postSolution
		SolutionGuid = {FB3F65BD-A62D-4A53-8E80-BFDC8B346D32}
	EndGlobalSection
EndGlobal
